<?xml version="1.0" encoding="UTF-8" standalone="yes" ?>
<CodeBlocks_project_file>
	<FileVersion major="1" minor="6" />
	<Project>
		<Option title="mythsnlegends" />
		<Option pch_mode="2" />
		<Option compiler="gcc" />
		<Build>
			<Target title="Debug">
				<Option output=".\mythsnlegends" prefix_auto="1" extension_auto="1" />
				<Option object_output="debug\" />
				<Option type="1" />
				<Option compiler="gcc" />
				<Compiler>
					<Add option="-g" />
					<Add option="-include util.h" />
				</Compiler>
			</Target>
			<Target title="Release">
				<Option output=".\mythsnlegends" prefix_auto="1" extension_auto="1" />
				<Option object_output="build\" />
				<Option type="0" />
				<Option compiler="gcc" />
				<Compiler>
					<Add option="-O2" />
				</Compiler>
				<Linker>
					<Add option="-s" />
				</Linker>
			</Target>
		</Build>
		<Compiler>
			<Add option="-Wall" />
			<Add directory="C:\code\SDL-1.2.15\include" />
		</Compiler>
		<Linker>
			<Add library="mingw32" />
			<Add library="SDLmain" />
			<Add library="SDL.dll" />
			<Add library="user32" />
			<Add library="gdi32" />
			<Add library="winmm" />
			<Add library="dxguid" />
			<Add directory="C:\code\SDL-1.2.15\lib" />
		</Linker>
		<Unit filename="char.h">
			<Option target="Debug" />
		</Unit>
		<Unit filename="char_hero.c">
			<Option compilerVar="CC" />
		</Unit>
		<Unit filename="char_hero.h">
			<Option target="Debug" />
		</Unit>
		<Unit filename="char_skills.c">
			<Option compilerVar="CC" />
		</Unit>
		<Unit filename="char_skills.h">
			<Option target="Debug" />
		</Unit>
		<Unit filename="char_spells.h" />
		<Unit filename="files.c">
			<Option compilerVar="CC" />
		</Unit>
		<Unit filename="files.h">
			<Option target="Debug" />
		</Unit>
		<Unit filename="game.c">
			<Option compilerVar="CC" />
		</Unit>
		<Unit filename="game.h" />
		<Unit filename="gfx.c">
			<Option compilerVar="CC" />
		</Unit>
		<Unit filename="gfx.h">
			<Option target="Debug" />
		</Unit>
		<Unit filename="gfx_event_loop.c">
			<Option compilerVar="CC" />
		</Unit>
		<Unit filename="gfx_event_loop.h">
			<Option target="Debug" />
		</Unit>
		<Unit filename="gfx_text.c">
			<Option compilerVar="CC" />
		</Unit>
		<Unit filename="gfx_text.h">
			<Option target="Debug" />
		</Unit>
		<Unit filename="gfx_tile.c">
			<Option compilerVar="CC" />
		</Unit>
		<Unit filename="gfx_tile.h">
			<Option target="Debug" />
		</Unit>
		<Unit filename="gfx_window.c">
			<Option compilerVar="CC" />
		</Unit>
		<Unit filename="gfx_window.h">
			<Option target="Debug" />
		</Unit>
		<Unit filename="item.c">
			<Option compilerVar="CC" />
		</Unit>
		<Unit filename="item.h">
			<Option target="Debug" />
		</Unit>
		<Unit filename="item_inv.c">
			<Option compilerVar="CC" />
		</Unit>
		<Unit filename="item_inv.h">
			<Option target="Debug" />
		</Unit>
		<Unit filename="main.c">
			<Option compilerVar="CC" />
		</Unit>
		<Unit filename="map.c">
			<Option compilerVar="CC" />
		</Unit>
		<Unit filename="map.h" />
		<Unit filename="map_block.c">
			<Option compilerVar="CC" />
		</Unit>
		<Unit filename="map_block.h">
			<Option target="Debug" />
		</Unit>
		<Unit filename="menus.c">
			<Option compilerVar="CC" />
		</Unit>
		<Unit filename="menus.h" />
		<Unit filename="messages.c">
			<Option compilerVar="CC" />
		</Unit>
		<Unit filename="messages.h" />
		<Unit filename="mythsnlegends.cbp">
			<Option target="Debug" />
		</Unit>
		<Unit filename="spells.def" />
		<Unit filename="toolkit.c">
			<Option compilerVar="CC" />
		</Unit>
		<Unit filename="toolkit.h" />
		<Unit filename="toolkit_monster_edit.c">
			<Option compilerVar="CC" />
		</Unit>
		<Unit filename="toolkit_monster_edit.h">
			<Option target="Debug" />
		</Unit>
		<Unit filename="util.h">
			<Option target="Debug" />
		</Unit>
		<Extensions>
			<code_completion />
			<debugger />
		</Extensions>
	</Project>
</CodeBlocks_project_file>
